
Microsoft Visual Studio Solution File, Format Version 12.00
# Visual Studio Version 17
VisualStudioVersion = 17.7.34024.191
MinimumVisualStudioVersion = 10.0.40219.1
Project("{9A19103F-16F7-4668-BE54-9A1E7A4F7556}") = "LilaMachinimaMod", "LilaVideoLoader\LilaMachinimaMod.csproj", "{B6C22B8B-8F5A-40FF-A6FE-D982C488518A}"
EndProject
Global
	GlobalSection(SolutionConfigurationPlatforms) = preSolution
		Debug|Any CPU = Debug|Any CPU
		Release|Any CPU = Release|Any CPU
	EndGlobalSection
	GlobalSection(ProjectConfigurationPlatforms) = postSolution
		{B6C22B8B-8F5A-40FF-A6FE-D982C488518A}.Debug|Any CPU.ActiveCfg = Debug|Any CPU
		{B6C22B8B-8F5A-40FF-A6FE-D982C488518A}.Debug|Any CPU.Build.0 = Debug|Any CPU
		{B6C22B8B-8F5A-40FF-A6FE-D982C488518A}.Release|Any CPU.ActiveCfg = Release|Any CPU
		{B6C22B8B-8F5A-40FF-A6FE-D982C488518A}.Release|Any CPU.Build.0 = Release|Any CPU
	EndGlobalSection
	GlobalSection(SolutionProperties) = preSolution
		HideSolutionNode = FALSE
	EndGlobalSection
	GlobalSection(ExtensibilityGlobals) = postSolution
		SolutionGuid = {2892297E-8BCB-4C47-9E85-3A5CCC34E2AD}
	EndGlobalSection
EndGlobal
